// !$*UTF8*$!
{
	archiveVersion = 1;
	classes = {
	};
	objectVersion = 50;
	objects = {

/* Begin PBXBuildFile section */
		EA73087C24D8CA280028439B /* AppDelegate.swift in Sources */ = {isa = PBXBuildFile; fileRef = EA73087B24D8CA280028439B /* AppDelegate.swift */; };
		EA73087E24D8CA280028439B /* SceneDelegate.swift in Sources */ = {isa = PBXBuildFile; fileRef = EA73087D24D8CA280028439B /* SceneDelegate.swift */; };
		EA73088024D8CA280028439B /* ViewController.swift in Sources */ = {isa = PBXBuildFile; fileRef = EA73087F24D8CA280028439B /* ViewController.swift */; };
		EA73088324D8CA280028439B /* Main.storyboard in Resources */ = {isa = PBXBuildFile; fileRef = EA73088124D8CA280028439B /* Main.storyboard */; };
		EA73088524D8CA2C0028439B /* Assets.xcassets in Resources */ = {isa = PBXBuildFile; fileRef = EA73088424D8CA2C0028439B /* Assets.xcassets */; };
		EA73088824D8CA2C0028439B /* LaunchScreen.storyboard in Resources */ = {isa = PBXBuildFile; fileRef = EA73088624D8CA2C0028439B /* LaunchScreen.storyboard */; };
		EA73089324D8CA2C0028439B /* BBQTests.swift in Sources */ = {isa = PBXBuildFile; fileRef = EA73089224D8CA2C0028439B /* BBQTests.swift */; };
		EA73089E24D8CA2C0028439B /* BBQUITests.swift in Sources */ = {isa = PBXBuildFile; fileRef = EA73089D24D8CA2C0028439B /* BBQUITests.swift */; };
/* End PBXBuildFile section */

/* Begin PBXContainerItemProxy section */
		EA73088F24D8CA2C0028439B /* PBXContainerItemProxy */ = {
			isa = PBXContainerItemProxy;
			containerPortal = EA73087024D8CA270028439B /* Project object */;
			proxyType = 1;
			remoteGlobalIDString = EA73087724D8CA280028439B;
			remoteInfo = BBQ;
		};
		EA73089A24D8CA2C0028439B /* PBXContainerItemProxy */ = {
			isa = PBXContainerItemProxy;
			containerPortal = EA73087024D8CA270028439B /* Project object */;
			proxyType = 1;
			remoteGlobalIDString = EA73087724D8CA280028439B;
			remoteInfo = BBQ;
		};
/* End PBXContainerItemProxy section */

/* Begin PBXFileReference section */
		EA73087824D8CA280028439B /* BBQ.app */ = {isa = PBXFileReference; explicitFileType = wrapper.application; includeInIndex = 0; path = BBQ.app; sourceTree = BUILT_PRODUCTS_DIR; };
		EA73087B24D8CA280028439B /* AppDelegate.swift */ = {isa = PBXFileReference; lastKnownFileType = sourcecode.swift; path = AppDelegate.swift; sourceTree = "<group>"; };
		EA73087D24D8CA280028439B /* SceneDelegate.swift */ = {isa = PBXFileReference; lastKnownFileType = sourcecode.swift; path = SceneDelegate.swift; sourceTree = "<group>"; };
		EA73087F24D8CA280028439B /* ViewController.swift */ = {isa = PBXFileReference; lastKnownFileType = sourcecode.swift; path = ViewController.swift; sourceTree = "<group>"; };
		EA73088224D8CA280028439B /* Base */ = {isa = PBXFileReference; lastKnownFileType = file.storyboard; name = Base; path = Base.lproj/Main.storyboard; sourceTree = "<group>"; };
		EA73088424D8CA2C0028439B /* Assets.xcassets */ = {isa = PBXFileReference; lastKnownFileType = folder.assetcatalog; path = Assets.xcassets; sourceTree = "<group>"; };
		EA73088724D8CA2C0028439B /* Base */ = {isa = PBXFileReference; lastKnownFileType = file.storyboard; name = Base; path = Base.lproj/LaunchScreen.storyboard; sourceTree = "<group>"; };
		EA73088924D8CA2C0028439B /* Info.plist */ = {isa = PBXFileReference; lastKnownFileType = text.plist.xml; path = Info.plist; sourceTree = "<group>"; };
		EA73088E24D8CA2C0028439B /* BBQTests.xctest */ = {isa = PBXFileReference; explicitFileType = wrapper.cfbundle; includeInIndex = 0; path = BBQTests.xctest; sourceTree = BUILT_PRODUCTS_DIR; };
		EA73089224D8CA2C0028439B /* BBQTests.swift */ = {isa = PBXFileReference; lastKnownFileType = sourcecode.swift; path = BBQTests.swift; sourceTree = "<group>"; };
		EA73089424D8CA2C0028439B /* Info.plist */ = {isa = PBXFileReference; lastKnownFileType = text.plist.xml; path = Info.plist; sourceTree = "<group>"; };
		EA73089924D8CA2C0028439B /* BBQUITests.xctest */ = {isa = PBXFileReference; explicitFileType = wrapper.cfbundle; includeInIndex = 0; path = BBQUITests.xctest; sourceTree = BUILT_PRODUCTS_DIR; };
		EA73089D24D8CA2C0028439B /* BBQUITests.swift */ = {isa = PBXFileReference; lastKnownFileType = sourcecode.swift; path = BBQUITests.swift; sourceTree = "<group>"; };
		EA73089F24D8CA2C0028439B /* Info.plist */ = {isa = PBXFileReference; lastKnownFileType = text.plist.xml; path = Info.plist; sourceTree = "<group>"; };
/* End PBXFileReference section */

/* Begin PBXFrameworksBuildPhase section */
		EA73087524D8CA280028439B /* Frameworks */ = {
			isa = PBXFrameworksBuildPhase;
			buildActionMask = 2147483647;
			files = (
			);
			runOnlyForDeploymentPostprocessing = 0;
		};
		EA73088B24D8CA2C0028439B /* Frameworks */ = {
			isa = PBXFrameworksBuildPhase;
			buildActionMask = 2147483647;
			files = (
			);
			runOnlyForDeploymentPostprocessing = 0;
		};
		EA73089624D8CA2C0028439B /* Frameworks */ = {
			isa = PBXFrameworksBuildPhase;
			buildActionMask = 2147483647;
			files = (
			);
			runOnlyForDeploymentPostprocessing = 0;
		};
/* End PBXFrameworksBuildPhase section */

/* Begin PBXGroup section */
		EA73086F24D8CA270028439B = {
			isa = PBXGroup;
			children = (
				EA73087A24D8CA280028439B /* BBQ */,
				EA73089124D8CA2C0028439B /* BBQTests */,
				EA73089C24D8CA2C0028439B /* BBQUITests */,
				EA73087924D8CA280028439B /* Products */,
			);
			sourceTree = "<group>";
		};
		EA73087924D8CA280028439B /* Products */ = {
			isa = PBXGroup;
			children = (
				EA73087824D8CA280028439B /* BBQ.app */,
				EA73088E24D8CA2C0028439B /* BBQTests.xctest */,
				EA73089924D8CA2C0028439B /* BBQUITests.xctest */,
			);
			name = Products;
			sourceTree = "<group>";
		};
		EA73087A24D8CA280028439B /* BBQ */ = {
			isa = PBXGroup;
			children = (
				EA73087B24D8CA280028439B /* AppDelegate.swift */,
				EA73087D24D8CA280028439B /* SceneDelegate.swift */,
				EA73087F24D8CA280028439B /* ViewController.swift */,
				EA73088124D8CA280028439B /* Main.storyboard */,
				EA73088424D8CA2C0028439B /* Assets.xcassets */,
				EA73088624D8CA2C0028439B /* LaunchScreen.storyboard */,
				EA73088924D8CA2C0028439B /* Info.plist */,
			);
			path = BBQ;
			sourceTree = "<group>";
		};
		EA73089124D8CA2C0028439B /* BBQTests */ = {
			isa = PBXGroup;
			children = (
				EA73089224D8CA2C0028439B /* BBQTests.swift */,
				EA73089424D8CA2C0028439B /* Info.plist */,
			);
			path = BBQTests;
			sourceTree = "<group>";
		};
		EA73089C24D8CA2C0028439B /* BBQUITests */ = {
			isa = PBXGroup;
			children = (
				EA73089D24D8CA2C0028439B /* BBQUITests.swift */,
				EA73089F24D8CA2C0028439B /* Info.plist */,
			);
			path = BBQUITests;
			sourceTree = "<group>";
		};
/* End PBXGroup section */

/* Begin PBXNativeTarget section */
		EA73087724D8CA280028439B /* BBQ */ = {
			isa = PBXNativeTarget;
			buildConfigurationList = EA7308A224D8CA2C0028439B /* Build configuration list for PBXNativeTarget "BBQ" */;
			buildPhases = (
				EA73087424D8CA280028439B /* Sources */,
				EA73087524D8CA280028439B /* Frameworks */,
				EA73087624D8CA280028439B /* Resources */,
			);
			buildRules = (
			);
			dependencies = (
			);
			name = BBQ;
			productName = BBQ;
			productReference = EA73087824D8CA280028439B /* BBQ.app */;
			productType = "com.apple.product-type.application";
		};
		EA73088D24D8CA2C0028439B /* BBQTests */ = {
			isa = PBXNativeTarget;
			buildConfigurationList = EA7308A524D8CA2C0028439B /* Build configuration list for PBXNativeTarget "BBQTests" */;
			buildPhases = (
				EA73088A24D8CA2C0028439B /* Sources */,
				EA73088B24D8CA2C0028439B /* Frameworks */,
				EA73088C24D8CA2C0028439B /* Resources */,
			);
			buildRules = (
			);
			dependencies = (
				EA73089024D8CA2C0028439B /* PBXTargetDependency */,
			);
			name = BBQTests;
			productName = BBQTests;
			productReference = EA73088E24D8CA2C0028439B /* BBQTests.xctest */;
			productType = "com.apple.product-type.bundle.unit-test";
		};
		EA73089824D8CA2C0028439B /* BBQUITests */ = {
			isa = PBXNativeTarget;
			buildConfigurationList = EA7308A824D8CA2C0028439B /* Build configuration list for PBXNativeTarget "BBQUITests" */;
			buildPhases = (
				EA73089524D8CA2C0028439B /* Sources */,
				EA73089624D8CA2C0028439B /* Frameworks */,
				EA73089724D8CA2C0028439B /* Resources */,
			);
			buildRules = (
			);
			dependencies = (
				EA73089B24D8CA2C0028439B /* PBXTargetDependency */,
			);
			name = BBQUITests;
			productName = BBQUITests;
			productReference = EA73089924D8CA2C0028439B /* BBQUITests.xctest */;
			productType = "com.apple.product-type.bundle.ui-testing";
		};
/* End PBXNativeTarget section */

/* Begin PBXProject section */
		EA73087024D8CA270028439B /* Project object */ = {
			isa = PBXProject;
			attributes = {
				LastSwiftUpdateCheck = 1160;
				LastUpgradeCheck = 1160;
				ORGANIZATIONNAME = dpcamerino;
				TargetAttributes = {
					EA73087724D8CA280028439B = {
						CreatedOnToolsVersion = 11.6;
					};
					EA73088D24D8CA2C0028439B = {
						CreatedOnToolsVersion = 11.6;
						TestTargetID = EA73087724D8CA280028439B;
					};
					EA73089824D8CA2C0028439B = {
						CreatedOnToolsVersion = 11.6;
						TestTargetID = EA73087724D8CA280028439B;
					};
				};
			};
			buildConfigurationList = EA73087324D8CA280028439B /* Build configuration list for PBXProject "BBQ" */;
			compatibilityVersion = "Xcode 9.3";
			developmentRegion = en;
			hasScannedForEncodings = 0;
			knownRegions = (
				en,
				Base,
			);
			mainGroup = EA73086F24D8CA270028439B;
			productRefGroup = EA73087924D8CA280028439B /* Products */;
			projectDirPath = "";
			projectRoot = "";
			targets = (
				EA73087724D8CA280028439B /* BBQ */,
				EA73088D24D8CA2C0028439B /* BBQTests */,
				EA73089824D8CA2C0028439B /* BBQUITests */,
			);
		};
/* End PBXProject section */

/* Begin PBXResourcesBuildPhase section */
		EA73087624D8CA280028439B /* Resources */ = {
			isa = PBXResourcesBuildPhase;
			buildActionMask = 2147483647;
			files = (
				EA73088824D8CA2C0028439B /* LaunchScreen.storyboard in Resources */,
				EA73088524D8CA2C0028439B /* Assets.xcassets in Resources */,
				EA73088324D8CA280028439B /* Main.storyboard in Resources */,
			);
			runOnlyForDeploymentPostprocessing = 0;
		};
		EA73088C24D8CA2C0028439B /* Resources */ = {
			isa = PBXResourcesBuildPhase;
			buildActionMask = 2147483647;
			files = (
			);
			runOnlyForDeploymentPostprocessing = 0;
		};
		EA73089724D8CA2C0028439B /* Resources */ = {
			isa = PBXResourcesBuildPhase;
			buildActionMask = 2147483647;
			files = (
			);
			runOnlyForDeploymentPostprocessing = 0;
		};
/* End PBXResourcesBuildPhase section */

/* Begin PBXSourcesBuildPhase section */
		EA73087424D8CA280028439B /* Sources */ = {
			isa = PBXSourcesBuildPhase;
			buildActionMask = 2147483647;
			files = (
				EA73088024D8CA280028439B /* ViewController.swift in Sources */,
				EA73087C24D8CA280028439B /* AppDelegate.swift in Sources */,
				EA73087E24D8CA280028439B /* SceneDelegate.swift in Sources */,
			);
			runOnlyForDeploymentPostprocessing = 0;
		};
		EA73088A24D8CA2C0028439B /* Sources */ = {
			isa = PBXSourcesBuildPhase;
			buildActionMask = 2147483647;
			files = (
				EA73089324D8CA2C0028439B /* BBQTests.swift in Sources */,
			);
			runOnlyForDeploymentPostprocessing = 0;
		};
		EA73089524D8CA2C0028439B /* Sources */ = {
			isa = PBXSourcesBuildPhase;
			buildActionMask = 2147483647;
			files = (
				EA73089E24D8CA2C0028439B /* BBQUITests.swift in Sources */,
			);
			runOnlyForDeploymentPostprocessing = 0;
		};
/* End PBXSourcesBuildPhase section */

/* Begin PBXTargetDependency section */
		EA73089024D8CA2C0028439B /* PBXTargetDependency */ = {
			isa = PBXTargetDependency;
			target = EA73087724D8CA280028439B /* BBQ */;
			targetProxy = EA73088F24D8CA2C0028439B /* PBXContainerItemProxy */;
		};
		EA73089B24D8CA2C0028439B /* PBXTargetDependency */ = {
			isa = PBXTargetDependency;
			target = EA73087724D8CA280028439B /* BBQ */;
			targetProxy = EA73089A24D8CA2C0028439B /* PBXContainerItemProxy */;
		};
/* End PBXTargetDependency section */

/* Begin PBXVariantGroup section */
		EA73088124D8CA280028439B /* Main.storyboard */ = {
			isa = PBXVariantGroup;
			children = (
				EA73088224D8CA280028439B /* Base */,
			);
			name = Main.storyboard;
			sourceTree = "<group>";
		};
		EA73088624D8CA2C0028439B /* LaunchScreen.storyboard */ = {
			isa = PBXVariantGroup;
			children = (
				EA73088724D8CA2C0028439B /* Base */,
			);
			name = LaunchScreen.storyboard;
			sourceTree = "<group>";
		};
/* End PBXVariantGroup section */

/* Begin XCBuildConfiguration section */
		EA7308A024D8CA2C0028439B /* Debug */ = {
			isa = XCBuildConfiguration;
			buildSettings = {
				ALWAYS_SEARCH_USER_PATHS = NO;
				CLANG_ANALYZER_NONNULL = YES;
				CLANG_ANALYZER_NUMBER_OBJECT_CONVERSION = YES_AGGRESSIVE;
				CLANG_CXX_LANGUAGE_STANDARD = "gnu++14";
				CLANG_CXX_LIBRARY = "libc++";
				CLANG_ENABLE_MODULES = YES;
				CLANG_ENABLE_OBJC_ARC = YES;
				CLANG_ENABLE_OBJC_WEAK = YES;
				CLANG_WARN_BLOCK_CAPTURE_AUTORELEASING = YES;
				CLANG_WARN_BOOL_CONVERSION = YES;
				CLANG_WARN_COMMA = YES;
				CLANG_WARN_CONSTANT_CONVERSION = YES;
				CLANG_WARN_DEPRECATED_OBJC_IMPLEMENTATIONS = YES;
				CLANG_WARN_DIRECT_OBJC_ISA_USAGE = YES_ERROR;
				CLANG_WARN_DOCUMENTATION_COMMENTS = YES;
				CLANG_WARN_EMPTY_BODY = YES;
				CLANG_WARN_ENUM_CONVERSION = YES;
				CLANG_WARN_INFINITE_RECURSION = YES;
				CLANG_WARN_INT_CONVERSION = YES;
				CLANG_WARN_NON_LITERAL_NULL_CONVERSION = YES;
				CLANG_WARN_OBJC_IMPLICIT_RETAIN_SELF = YES;
				CLANG_WARN_OBJC_LITERAL_CONVERSION = YES;
				CLANG_WARN_OBJC_ROOT_CLASS = YES_ERROR;
				CLANG_WARN_RANGE_LOOP_ANALYSIS = YES;
				CLANG_WARN_STRICT_PROTOTYPES = YES;
				CLANG_WARN_SUSPICIOUS_MOVE = YES;
				CLANG_WARN_UNGUARDED_AVAILABILITY = YES_AGGRESSIVE;
				CLANG_WARN_UNREACHABLE_CODE = YES;
				CLANG_WARN__DUPLICATE_METHOD_MATCH = YES;
				COPY_PHASE_STRIP = NO;
				DEBUG_INFORMATION_FORMAT = dwarf;
				ENABLE_STRICT_OBJC_MSGSEND = YES;
				ENABLE_TESTABILITY = YES;
				GCC_C_LANGUAGE_STANDARD = gnu11;
				GCC_DYNAMIC_NO_PIC = NO;
				GCC_NO_COMMON_BLOCKS = YES;
				GCC_OPTIMIZATION_LEVEL = 0;
				GCC_PREPROCESSOR_DEFINITIONS = (
					"DEBUG=1",
					"$(inherited)",
				);
				GCC_WARN_64_TO_32_BIT_CONVERSION = YES;
				GCC_WARN_ABOUT_RETURN_TYPE = YES_ERROR;
				GCC_WARN_UNDECLARED_SELECTOR = YES;
				GCC_WARN_UNINITIALIZED_AUTOS = YES_AGGRESSIVE;
				GCC_WARN_UNUSED_FUNCTION = YES;
				GCC_WARN_UNUSED_VARIABLE = YES;
				IPHONEOS_DEPLOYMENT_TARGET = 13.6;
				MTL_ENABLE_DEBUG_INFO = INCLUDE_SOURCE;
				MTL_FAST_MATH = YES;
				ONLY_ACTIVE_ARCH = YES;
				SDKROOT = iphoneos;
				SWIFT_ACTIVE_COMPILATION_CONDITIONS = DEBUG;
				SWIFT_OPTIMIZATION_LEVEL = "-Onone";
			};
			name = Debug;
		};
		EA7308A124D8CA2C0028439B /* Release */ = {
			isa = XCBuildConfiguration;
			buildSettings = {
				ALWAYS_SEARCH_USER_PATHS = NO;
				CLANG_ANALYZER_NONNULL = YES;
				CLANG_ANALYZER_NUMBER_OBJECT_CONVERSION = YES_AGGRESSIVE;
				CLANG_CXX_LANGUAGE_STANDARD = "gnu++14";
				CLANG_CXX_LIBRARY = "libc++";
				CLANG_ENABLE_MODULES = YES;
				CLANG_ENABLE_OBJC_ARC = YES;
				CLANG_ENABLE_OBJC_WEAK = YES;
				CLANG_WARN_BLOCK_CAPTURE_AUTORELEASING = YES;
				CLANG_WARN_BOOL_CONVERSION = YES;
				CLANG_WARN_COMMA = YES;
				CLANG_WARN_CONSTANT_CONVERSION = YES;
				CLANG_WARN_DEPRECATED_OBJC_IMPLEMENTATIONS = YES;
				CLANG_WARN_DIRECT_OBJC_ISA_USAGE = YES_ERROR;
				CLANG_WARN_DOCUMENTATION_COMMENTS = YES;
				CLANG_WARN_EMPTY_BODY = YES;
				CLANG_WARN_ENUM_CONVERSION = YES;
				CLANG_WARN_INFINITE_RECURSION = YES;
				CLANG_WARN_INT_CONVERSION = YES;
				CLANG_WARN_NON_LITERAL_NULL_CONVERSION = YES;
				CLANG_WARN_OBJC_IMPLICIT_RETAIN_SELF = YES;
				CLANG_WARN_OBJC_LITERAL_CONVERSION = YES;
				CLANG_WARN_OBJC_ROOT_CLASS = YES_ERROR;
				CLANG_WARN_RANGE_LOOP_ANALYSIS = YES;
				CLANG_WARN_STRICT_PROTOTYPES = YES;
				CLANG_WARN_SUSPICIOUS_MOVE = YES;
				CLANG_WARN_UNGUARDED_AVAILABILITY = YES_AGGRESSIVE;
				CLANG_WARN_UNREACHABLE_CODE = YES;
				CLANG_WARN__DUPLICATE_METHOD_MATCH = YES;
				COPY_PHASE_STRIP = NO;
				DEBUG_INFORMATION_FORMAT = "dwarf-with-dsym";
				ENABLE_NS_ASSERTIONS = NO;
				ENABLE_STRICT_OBJC_MSGSEND = YES;
				GCC_C_LANGUAGE_STANDARD = gnu11;
				GCC_NO_COMMON_BLOCKS = YES;
				GCC_WARN_64_TO_32_BIT_CONVERSION = YES;
				GCC_WARN_ABOUT_RETURN_TYPE = YES_ERROR;
				GCC_WARN_UNDECLARED_SELECTOR = YES;
				GCC_WARN_UNINITIALIZED_AUTOS = YES_AGGRESSIVE;
				GCC_WARN_UNUSED_FUNCTION = YES;
				GCC_WARN_UNUSED_VARIABLE = YES;
				IPHONEOS_DEPLOYMENT_TARGET = 13.6;
				MTL_ENABLE_DEBUG_INFO = NO;
				MTL_FAST_MATH = YES;
				SDKROOT = iphoneos;
				SWIFT_COMPILATION_MODE = wholemodule;
				SWIFT_OPTIMIZATION_LEVEL = "-O";
				VALIDATE_PRODUCT = YES;
			};
			name = Release;
		};
		EA7308A324D8CA2C0028439B /* Debug */ = {
			isa = XCBuildConfiguration;
			buildSettings = {
				ASSETCATALOG_COMPILER_APPICON_NAME = AppIcon;
				CODE_SIGN_STYLE = Automatic;
				DEVELOPMENT_TEAM = 9AFK96P9PG;
				INFOPLIST_FILE = BBQ/Info.plist;
				LD_RUNPATH_SEARCH_PATHS = (
					"$(inherited)",
					"@executable_path/Frameworks",
				);
				PRODUCT_BUNDLE_IDENTIFIER = com.don.BBQ;
				PRODUCT_NAME = "$(TARGET_NAME)";
				SWIFT_VERSION = 5.0;
				TARGETED_DEVICE_FAMILY = "1,2";
			};
			name = Debug;
		};
		EA7308A424D8CA2C0028439B /* Release */ = {
			isa = XCBuildConfiguration;
			buildSettings = {
				ASSETCATALOG_COMPILER_APPICON_NAME = AppIcon;
				CODE_SIGN_STYLE = Automatic;
				DEVELOPMENT_TEAM = 9AFK96P9PG;
				INFOPLIST_FILE = BBQ/Info.plist;
				LD_RUNPATH_SEARCH_PATHS = (
					"$(inherited)",
					"@executable_path/Frameworks",
				);
				PRODUCT_BUNDLE_IDENTIFIER = com.don.BBQ;
				PRODUCT_NAME = "$(TARGET_NAME)";
				SWIFT_VERSION = 5.0;
				TARGETED_DEVICE_FAMILY = "1,2";
			};
			name = Release;
		};
		EA7308A624D8CA2C0028439B /* Debug */ = {
			isa = XCBuildConfiguration;
			buildSettings = {
				ALWAYS_EMBED_SWIFT_STANDARD_LIBRARIES = YES;
				BUNDLE_LOADER = "$(TEST_HOST)";
				CODE_SIGN_STYLE = Automatic;
				DEVELOPMENT_TEAM = 9AFK96P9PG;
				INFOPLIST_FILE = BBQTests/Info.plist;
				IPHONEOS_DEPLOYMENT_TARGET = 13.6;
				LD_RUNPATH_SEARCH_PATHS = (
					"$(inherited)",
					"@executable_path/Frameworks",
					"@loader_path/Frameworks",
				);
				PRODUCT_BUNDLE_IDENTIFIER = com.don.BBQTests;
				PRODUCT_NAME = "$(TARGET_NAME)";
				SWIFT_VERSION = 5.0;
				TARGETED_DEVICE_FAMILY = "1,2";
				TEST_HOST = "$(BUILT_PRODUCTS_DIR)/BBQ.app/BBQ";
			};
			name = Debug;
		};
		EA7308A724D8CA2C0028439B /* Release */ = {
			isa = XCBuildConfiguration;
			buildSettings = {
				ALWAYS_EMBED_SWIFT_STANDARD_LIBRARIES = YES;
				BUNDLE_LOADER = "$(TEST_HOST)";
				CODE_SIGN_STYLE = Automatic;
				DEVELOPMENT_TEAM = 9AFK96P9PG;
				INFOPLIST_FILE = BBQTests/Info.plist;
				IPHONEOS_DEPLOYMENT_TARGET = 13.6;
				LD_RUNPATH_SEARCH_PATHS = (
					"$(inherited)",
					"@executable_path/Frameworks",
					"@loader_path/Frameworks",
				);
				PRODUCT_BUNDLE_IDENTIFIER = com.don.BBQTests;
				PRODUCT_NAME = "$(TARGET_NAME)";
				SWIFT_VERSION = 5.0;
				TARGETED_DEVICE_FAMILY = "1,2";
				TEST_HOST = "$(BUILT_PRODUCTS_DIR)/BBQ.app/BBQ";
			};
			name = Release;
		};
		EA7308A924D8CA2C0028439B /* Debug */ = {
			isa = XCBuildConfiguration;
			buildSettings = {
				ALWAYS_EMBED_SWIFT_STANDARD_LIBRARIES = YES;
				CODE_SIGN_STYLE = Automatic;
				DEVELOPMENT_TEAM = 9AFK96P9PG;
				INFOPLIST_FILE = BBQUITests/Info.plist;
				LD_RUNPATH_SEARCH_PATHS = (
					"$(inherited)",
					"@executable_path/Frameworks",
					"@loader_path/Frameworks",
				);
				PRODUCT_BUNDLE_IDENTIFIER = com.don.BBQUITests;
				PRODUCT_NAME = "$(TARGET_NAME)";
				SWIFT_VERSION = 5.0;
				TARGETED_DEVICE_FAMILY = "1,2";
				TEST_TARGET_NAME = BBQ;
			};
			name = Debug;
		};
		EA7308AA24D8CA2C0028439B /* Release */ = {
			isa = XCBuildConfiguration;
			buildSettings = {
				ALWAYS_EMBED_SWIFT_STANDARD_LIBRARIES = YES;
				CODE_SIGN_STYLE = Automatic;
				DEVELOPMENT_TEAM = 9AFK96P9PG;
				INFOPLIST_FILE = BBQUITests/Info.plist;
				LD_RUNPATH_SEARCH_PATHS = (
					"$(inherited)",
					"@executable_path/Frameworks",
					"@loader_path/Frameworks",
				);
				PRODUCT_BUNDLE_IDENTIFIER = com.don.BBQUITests;
				PRODUCT_NAME = "$(TARGET_NAME)";
				SWIFT_VERSION = 5.0;
				TARGETED_DEVICE_FAMILY = "1,2";
				TEST_TARGET_NAME = BBQ;
			};
			name = Release;
		};
/* End XCBuildConfiguration section */

/* Begin XCConfigurationList section */
		EA73087324D8CA280028439B /* Build configuration list for PBXProject "BBQ" */ = {
			isa = XCConfigurationList;
			buildConfigurations = (
				EA7308A024D8CA2C0028439B /* Debug */,
				EA7308A124D8CA2C0028439B /* Release */,
			);
			defaultConfigurationIsVisible = 0;
			defaultConfigurationName = Release;
		};
		EA7308A224D8CA2C0028439B /* Build configuration list for PBXNativeTarget "BBQ" */ = {
			isa = XCConfigurationList;
			buildConfigurations = (
				EA7308A324D8CA2C0028439B /* Debug */,
				EA7308A424D8CA2C0028439B /* Release */,
			);
			defaultConfigurationIsVisible = 0;
			defaultConfigurationName = Release;
		};
		EA7308A524D8CA2C0028439B /* Build configuration list for PBXNativeTarget "BBQTests" */ = {
			isa = XCConfigurationList;
			buildConfigurations = (
				EA7308A624D8CA2C0028439B /* Debug */,
				EA7308A724D8CA2C0028439B /* Release */,
			);
			defaultConfigurationIsVisible = 0;
			defaultConfigurationName = Release;
		};
		EA7308A824D8CA2C0028439B /* Build configuration list for PBXNativeTarget "BBQUITests" */ = {
			isa = XCConfigurationList;
			buildConfigurations = (
				EA7308A924D8CA2C0028439B /* Debug */,
				EA7308AA24D8CA2C0028439B /* Release */,
			);
			defaultConfigurationIsVisible = 0;
			defaultConfigurationName = Release;
		};
/* End XCConfigurationList section */
	};
	rootObject = EA73087024D8CA270028439B /* Project object */;
}
